
Microsoft Visual Studio Solution File, Format Version 12.00
# Visual Studio Version 16
VisualStudioVersion = 16.0.32126.315
MinimumVisualStudioVersion = 10.0.40219.1
Project("{FAE04EC0-301F-11D3-BF4B-00C04F79EFBC}") = "WebApiCompanyNotification", "WebApiCompanyNotification\WebApiCompanyNotification.csproj", "{13CEE11F-FFB9-4CF0-9432-CEC1D9FAED18}"
EndProject
Global
	GlobalSection(SolutionConfigurationPlatforms) = preSolution
		Debug|Any CPU = Debug|Any CPU
		Release|Any CPU = Release|Any CPU
	EndGlobalSection
	GlobalSection(ProjectConfigurationPlatforms) = postSolution
		{13CEE11F-FFB9-4CF0-9432-CEC1D9FAED18}.Debug|Any CPU.ActiveCfg = Debug|Any CPU
		{13CEE11F-FFB9-4CF0-9432-CEC1D9FAED18}.Debug|Any CPU.Build.0 = Debug|Any CPU
		{13CEE11F-FFB9-4CF0-9432-CEC1D9FAED18}.Release|Any CPU.ActiveCfg = Release|Any CPU
		{13CEE11F-FFB9-4CF0-9432-CEC1D9FAED18}.Release|Any CPU.Build.0 = Release|Any CPU
	EndGlobalSection
	GlobalSection(SolutionProperties) = preSolution
		HideSolutionNode = FALSE
	EndGlobalSection
	GlobalSection(ExtensibilityGlobals) = postSolution
		SolutionGuid = {06DA11F9-00FE-4E8C-B541-1A1ECE58342B}
	EndGlobalSection
EndGlobal
